
Microsoft Visual Studio Solution File, Format Version 12.00
# Visual Studio 14
VisualStudioVersion = 14.0.25420.1
MinimumVisualStudioVersion = 10.0.40219.1
Project("{FAE04EC0-301F-11D3-BF4B-00C04F79EFBC}") = "SwitchProjectConsole", "SwitchProjectConsole\SwitchProjectConsole.csproj", "{21494AD1-5699-427E-B083-B9737A07C43C}"
EndProject
Project("{FAE04EC0-301F-11D3-BF4B-00C04F79EFBC}") = "SwitchProjectWPF", "SwitchProjectWPF\SwitchProjectWPF.csproj", "{1A3D4874-4226-4CBF-A5F9-A11583057D35}"
EndProject
Project("{FAE04EC0-301F-11D3-BF4B-00C04F79EFBC}") = "ForConsole1", "ForConsole1\ForConsole1.csproj", "{714851CD-DA62-4516-A541-3CD251FED1CF}"
EndProject
Project("{FAE04EC0-301F-11D3-BF4B-00C04F79EFBC}") = "ForConsole2", "ForConsole2\ForConsole2.csproj", "{25201DA5-FCAB-4176-B1ED-74B9D7F68A5E}"
EndProject
Project("{FAE04EC0-301F-11D3-BF4B-00C04F79EFBC}") = "ForConsole3", "ForConsole3\ForConsole3.csproj", "{79BA641B-14EF-4B47-9E75-414C59C9AFC5}"
EndProject
Project("{FAE04EC0-301F-11D3-BF4B-00C04F79EFBC}") = "ForConsole4", "ForConsole4\ForConsole4.csproj", "{74E632A8-FF9E-432F-9072-4189FE62C7ED}"
EndProject
Project("{FAE04EC0-301F-11D3-BF4B-00C04F79EFBC}") = "ForConsole5", "ForConsole5\ForConsole5.csproj", "{923A26C1-AE99-4B80-B35A-BF3023A2E009}"
EndProject
Project("{FAE04EC0-301F-11D3-BF4B-00C04F79EFBC}") = "ForConsole6", "ForConsole6\ForConsole6.csproj", "{DC6F9499-ABE1-4D33-B656-A4EF020EBB6B}"
EndProject
Project("{FAE04EC0-301F-11D3-BF4B-00C04F79EFBC}") = "ForConsole7", "ForConsole7\ForConsole7.csproj", "{BBF71543-06C9-44E3-88EB-10E36BCB7E85}"
EndProject
Project("{FAE04EC0-301F-11D3-BF4B-00C04F79EFBC}") = "WhileConsole1", "WhileConsole1\WhileConsole1.csproj", "{3D22FB5C-4B52-4031-8A82-C031A2EEB152}"
EndProject
Project("{FAE04EC0-301F-11D3-BF4B-00C04F79EFBC}") = "WhileConsole2", "WhileConsole2\WhileConsole2.csproj", "{7372DFA9-2748-4C57-9A90-7CACB0F22A69}"
EndProject
Project("{FAE04EC0-301F-11D3-BF4B-00C04F79EFBC}") = "DoWhileConsole1", "DoWhileConsole1\DoWhileConsole1.csproj", "{0081897C-0DDC-459C-8AAA-2DBEFE472B9D}"
EndProject
Project("{FAE04EC0-301F-11D3-BF4B-00C04F79EFBC}") = "DoWhileConsole2", "DoWhileConsole2\DoWhileConsole2.csproj", "{411C5FA2-B8CD-4484-969D-0D49BBB3E8F8}"
EndProject
Project("{FAE04EC0-301F-11D3-BF4B-00C04F79EFBC}") = "PiConsole", "PiConsole\PiConsole.csproj", "{90A67AD3-B8DB-4725-B683-B12122CA2219}"
EndProject
Global
	GlobalSection(SolutionConfigurationPlatforms) = preSolution
		Debug|Any CPU = Debug|Any CPU
		Release|Any CPU = Release|Any CPU
	EndGlobalSection
	GlobalSection(ProjectConfigurationPlatforms) = postSolution
		{21494AD1-5699-427E-B083-B9737A07C43C}.Debug|Any CPU.ActiveCfg = Debug|Any CPU
		{21494AD1-5699-427E-B083-B9737A07C43C}.Debug|Any CPU.Build.0 = Debug|Any CPU
		{21494AD1-5699-427E-B083-B9737A07C43C}.Release|Any CPU.ActiveCfg = Release|Any CPU
		{21494AD1-5699-427E-B083-B9737A07C43C}.Release|Any CPU.Build.0 = Release|Any CPU
		{1A3D4874-4226-4CBF-A5F9-A11583057D35}.Debug|Any CPU.ActiveCfg = Debug|Any CPU
		{1A3D4874-4226-4CBF-A5F9-A11583057D35}.Debug|Any CPU.Build.0 = Debug|Any CPU
		{1A3D4874-4226-4CBF-A5F9-A11583057D35}.Release|Any CPU.ActiveCfg = Release|Any CPU
		{1A3D4874-4226-4CBF-A5F9-A11583057D35}.Release|Any CPU.Build.0 = Release|Any CPU
		{714851CD-DA62-4516-A541-3CD251FED1CF}.Debug|Any CPU.ActiveCfg = Debug|Any CPU
		{714851CD-DA62-4516-A541-3CD251FED1CF}.Debug|Any CPU.Build.0 = Debug|Any CPU
		{714851CD-DA62-4516-A541-3CD251FED1CF}.Release|Any CPU.ActiveCfg = Release|Any CPU
		{714851CD-DA62-4516-A541-3CD251FED1CF}.Release|Any CPU.Build.0 = Release|Any CPU
		{25201DA5-FCAB-4176-B1ED-74B9D7F68A5E}.Debug|Any CPU.ActiveCfg = Debug|Any CPU
		{25201DA5-FCAB-4176-B1ED-74B9D7F68A5E}.Debug|Any CPU.Build.0 = Debug|Any CPU
		{25201DA5-FCAB-4176-B1ED-74B9D7F68A5E}.Release|Any CPU.ActiveCfg = Release|Any CPU
		{25201DA5-FCAB-4176-B1ED-74B9D7F68A5E}.Release|Any CPU.Build.0 = Release|Any CPU
		{79BA641B-14EF-4B47-9E75-414C59C9AFC5}.Debug|Any CPU.ActiveCfg = Debug|Any CPU
		{79BA641B-14EF-4B47-9E75-414C59C9AFC5}.Debug|Any CPU.Build.0 = Debug|Any CPU
		{79BA641B-14EF-4B47-9E75-414C59C9AFC5}.Release|Any CPU.ActiveCfg = Release|Any CPU
		{79BA641B-14EF-4B47-9E75-414C59C9AFC5}.Release|Any CPU.Build.0 = Release|Any CPU
		{74E632A8-FF9E-432F-9072-4189FE62C7ED}.Debug|Any CPU.ActiveCfg = Debug|Any CPU
		{74E632A8-FF9E-432F-9072-4189FE62C7ED}.Debug|Any CPU.Build.0 = Debug|Any CPU
		{74E632A8-FF9E-432F-9072-4189FE62C7ED}.Release|Any CPU.ActiveCfg = Release|Any CPU
		{74E632A8-FF9E-432F-9072-4189FE62C7ED}.Release|Any CPU.Build.0 = Release|Any CPU
		{923A26C1-AE99-4B80-B35A-BF3023A2E009}.Debug|Any CPU.ActiveCfg = Debug|Any CPU
		{923A26C1-AE99-4B80-B35A-BF3023A2E009}.Debug|Any CPU.Build.0 = Debug|Any CPU
		{923A26C1-AE99-4B80-B35A-BF3023A2E009}.Release|Any CPU.ActiveCfg = Release|Any CPU
		{923A26C1-AE99-4B80-B35A-BF3023A2E009}.Release|Any CPU.Build.0 = Release|Any CPU
		{DC6F9499-ABE1-4D33-B656-A4EF020EBB6B}.Debug|Any CPU.ActiveCfg = Debug|Any CPU
		{DC6F9499-ABE1-4D33-B656-A4EF020EBB6B}.Debug|Any CPU.Build.0 = Debug|Any CPU
		{DC6F9499-ABE1-4D33-B656-A4EF020EBB6B}.Release|Any CPU.ActiveCfg = Release|Any CPU
		{DC6F9499-ABE1-4D33-B656-A4EF020EBB6B}.Release|Any CPU.Build.0 = Release|Any CPU
		{BBF71543-06C9-44E3-88EB-10E36BCB7E85}.Debug|Any CPU.ActiveCfg = Debug|Any CPU
		{BBF71543-06C9-44E3-88EB-10E36BCB7E85}.Debug|Any CPU.Build.0 = Debug|Any CPU
		{BBF71543-06C9-44E3-88EB-10E36BCB7E85}.Release|Any CPU.ActiveCfg = Release|Any CPU
		{BBF71543-06C9-44E3-88EB-10E36BCB7E85}.Release|Any CPU.Build.0 = Release|Any CPU
		{3D22FB5C-4B52-4031-8A82-C031A2EEB152}.Debug|Any CPU.ActiveCfg = Debug|Any CPU
		{3D22FB5C-4B52-4031-8A82-C031A2EEB152}.Debug|Any CPU.Build.0 = Debug|Any CPU
		{3D22FB5C-4B52-4031-8A82-C031A2EEB152}.Release|Any CPU.ActiveCfg = Release|Any CPU
		{3D22FB5C-4B52-4031-8A82-C031A2EEB152}.Release|Any CPU.Build.0 = Release|Any CPU
		{7372DFA9-2748-4C57-9A90-7CACB0F22A69}.Debug|Any CPU.ActiveCfg = Debug|Any CPU
		{7372DFA9-2748-4C57-9A90-7CACB0F22A69}.Debug|Any CPU.Build.0 = Debug|Any CPU
		{7372DFA9-2748-4C57-9A90-7CACB0F22A69}.Release|Any CPU.ActiveCfg = Release|Any CPU
		{7372DFA9-2748-4C57-9A90-7CACB0F22A69}.Release|Any CPU.Build.0 = Release|Any CPU
		{0081897C-0DDC-459C-8AAA-2DBEFE472B9D}.Debug|Any CPU.ActiveCfg = Debug|Any CPU
		{0081897C-0DDC-459C-8AAA-2DBEFE472B9D}.Debug|Any CPU.Build.0 = Debug|Any CPU
		{0081897C-0DDC-459C-8AAA-2DBEFE472B9D}.Release|Any CPU.ActiveCfg = Release|Any CPU
		{0081897C-0DDC-459C-8AAA-2DBEFE472B9D}.Release|Any CPU.Build.0 = Release|Any CPU
		{411C5FA2-B8CD-4484-969D-0D49BBB3E8F8}.Debug|Any CPU.ActiveCfg = Debug|Any CPU
		{411C5FA2-B8CD-4484-969D-0D49BBB3E8F8}.Debug|Any CPU.Build.0 = Debug|Any CPU
		{411C5FA2-B8CD-4484-969D-0D49BBB3E8F8}.Release|Any CPU.ActiveCfg = Release|Any CPU
		{411C5FA2-B8CD-4484-969D-0D49BBB3E8F8}.Release|Any CPU.Build.0 = Release|Any CPU
		{90A67AD3-B8DB-4725-B683-B12122CA2219}.Debug|Any CPU.ActiveCfg = Debug|Any CPU
		{90A67AD3-B8DB-4725-B683-B12122CA2219}.Debug|Any CPU.Build.0 = Debug|Any CPU
		{90A67AD3-B8DB-4725-B683-B12122CA2219}.Release|Any CPU.ActiveCfg = Release|Any CPU
		{90A67AD3-B8DB-4725-B683-B12122CA2219}.Release|Any CPU.Build.0 = Release|Any CPU
	EndGlobalSection
	GlobalSection(SolutionProperties) = preSolution
		HideSolutionNode = FALSE
	EndGlobalSection
EndGlobal
