
Microsoft Visual Studio Solution File, Format Version 12.00
# Visual Studio 14
VisualStudioVersion = 14.0.25420.1
MinimumVisualStudioVersion = 10.0.40219.1
Project("{FAE04EC0-301F-11D3-BF4B-00C04F79EFBC}") = "Task1Console", "Task1Console\Task1Console.csproj", "{73CFB8F4-991B-4169-A536-3876D7B930A8}"
EndProject
Project("{FAE04EC0-301F-11D3-BF4B-00C04F79EFBC}") = "Task1WinForms", "Task1WinForms\Task1WinForms.csproj", "{26BB1A8D-B9AC-4F4C-A1E6-974B064FBAD8}"
EndProject
Project("{FAE04EC0-301F-11D3-BF4B-00C04F79EFBC}") = "Task1WPF", "Task1WPF\Task1WPF.csproj", "{9D2FA86F-89F2-431D-A049-286BC37D382D}"
EndProject
Project("{FAE04EC0-301F-11D3-BF4B-00C04F79EFBC}") = "Task2Conlose", "Task2Conlose\Task2Conlose.csproj", "{B5DAA437-37D9-4B3A-B8E5-135600E528E1}"
EndProject
Project("{FAE04EC0-301F-11D3-BF4B-00C04F79EFBC}") = "Task2WinForm", "Task2WinForm\Task2WinForm.csproj", "{F322B60B-55E9-4034-A9D8-341A9791D098}"
EndProject
Project("{FAE04EC0-301F-11D3-BF4B-00C04F79EFBC}") = "Task2WPF", "Task2WPF\Task2WPF.csproj", "{CF0A16A1-44C8-4F0E-8F8B-66B34FD18F67}"
EndProject
Project("{FAE04EC0-301F-11D3-BF4B-00C04F79EFBC}") = "Task3Console", "Task3Console\Task3Console.csproj", "{469DDC69-8284-428D-863D-47CF66E6279D}"
EndProject
Project("{FAE04EC0-301F-11D3-BF4B-00C04F79EFBC}") = "Task4Console", "Task4Console\Task4Console.csproj", "{DD11EEBC-B0EF-4662-9F3C-DEE4F3E96183}"
EndProject
Project("{FAE04EC0-301F-11D3-BF4B-00C04F79EFBC}") = "Task5Console", "Task5Console\Task5Console.csproj", "{44F6DE26-D1C7-4A1F-A74F-5CF4AACBA1CE}"
EndProject
Project("{FAE04EC0-301F-11D3-BF4B-00C04F79EFBC}") = "Task3WinForms", "Task3WinForms\Task3WinForms.csproj", "{43051237-5DA8-4D9C-88E1-6038A2D48D31}"
EndProject
Project("{FAE04EC0-301F-11D3-BF4B-00C04F79EFBC}") = "Task4WinForms", "Task4WinForms\Task4WinForms.csproj", "{277E0C75-A61B-4726-8E36-5DAF9D26CEB7}"
EndProject
Project("{FAE04EC0-301F-11D3-BF4B-00C04F79EFBC}") = "Task5WinForms", "Task5WinForms\Task5WinForms.csproj", "{FED70821-27B3-4FAF-9F6F-BA76B6CC36CD}"
EndProject
Project("{FAE04EC0-301F-11D3-BF4B-00C04F79EFBC}") = "Task3WPF", "Task3WPF\Task3WPF.csproj", "{39EE365E-762A-40BA-89B8-3F756E29548D}"
EndProject
Project("{FAE04EC0-301F-11D3-BF4B-00C04F79EFBC}") = "Task4WPF", "Task4WPF\Task4WPF.csproj", "{8DC6D463-9331-40A7-B8B4-B5964626E8E2}"
EndProject
Project("{FAE04EC0-301F-11D3-BF4B-00C04F79EFBC}") = "Task5WPF", "Task5WPF\Task5WPF.csproj", "{E89E26EC-4EF3-4041-8384-9AFCE6454213}"
EndProject
Project("{FAE04EC0-301F-11D3-BF4B-00C04F79EFBC}") = "QuadEquationConsole", "QuadEquationConsole\QuadEquationConsole.csproj", "{48A17858-0151-49D3-8E03-8CCBF9C9DCC8}"
EndProject
Project("{FAE04EC0-301F-11D3-BF4B-00C04F79EFBC}") = "QuadEquationWPF", "QuadEquationWPF\QuadEquationWPF.csproj", "{735D3111-9442-4AEF-B01F-85BE946E2983}"
EndProject
Project("{FAE04EC0-301F-11D3-BF4B-00C04F79EFBC}") = "QuadEquationWinForm", "QuadEquationWinForm\QuadEquationWinForm.csproj", "{418B1A2A-522C-4654-9CC4-E36E3DC12A67}"
EndProject
Project("{FAE04EC0-301F-11D3-BF4B-00C04F79EFBC}") = "Examples and Experiments", "Examples and Experiments\Examples and Experiments.csproj", "{F32412B5-D199-44B3-AD48-3B0600876032}"
EndProject
Global
	GlobalSection(SolutionConfigurationPlatforms) = preSolution
		Debug|Any CPU = Debug|Any CPU
		Release|Any CPU = Release|Any CPU
	EndGlobalSection
	GlobalSection(ProjectConfigurationPlatforms) = postSolution
		{73CFB8F4-991B-4169-A536-3876D7B930A8}.Debug|Any CPU.ActiveCfg = Debug|Any CPU
		{73CFB8F4-991B-4169-A536-3876D7B930A8}.Debug|Any CPU.Build.0 = Debug|Any CPU
		{73CFB8F4-991B-4169-A536-3876D7B930A8}.Release|Any CPU.ActiveCfg = Release|Any CPU
		{73CFB8F4-991B-4169-A536-3876D7B930A8}.Release|Any CPU.Build.0 = Release|Any CPU
		{26BB1A8D-B9AC-4F4C-A1E6-974B064FBAD8}.Debug|Any CPU.ActiveCfg = Debug|Any CPU
		{26BB1A8D-B9AC-4F4C-A1E6-974B064FBAD8}.Debug|Any CPU.Build.0 = Debug|Any CPU
		{26BB1A8D-B9AC-4F4C-A1E6-974B064FBAD8}.Release|Any CPU.ActiveCfg = Release|Any CPU
		{26BB1A8D-B9AC-4F4C-A1E6-974B064FBAD8}.Release|Any CPU.Build.0 = Release|Any CPU
		{9D2FA86F-89F2-431D-A049-286BC37D382D}.Debug|Any CPU.ActiveCfg = Debug|Any CPU
		{9D2FA86F-89F2-431D-A049-286BC37D382D}.Debug|Any CPU.Build.0 = Debug|Any CPU
		{9D2FA86F-89F2-431D-A049-286BC37D382D}.Release|Any CPU.ActiveCfg = Release|Any CPU
		{9D2FA86F-89F2-431D-A049-286BC37D382D}.Release|Any CPU.Build.0 = Release|Any CPU
		{B5DAA437-37D9-4B3A-B8E5-135600E528E1}.Debug|Any CPU.ActiveCfg = Debug|Any CPU
		{B5DAA437-37D9-4B3A-B8E5-135600E528E1}.Debug|Any CPU.Build.0 = Debug|Any CPU
		{B5DAA437-37D9-4B3A-B8E5-135600E528E1}.Release|Any CPU.ActiveCfg = Release|Any CPU
		{B5DAA437-37D9-4B3A-B8E5-135600E528E1}.Release|Any CPU.Build.0 = Release|Any CPU
		{F322B60B-55E9-4034-A9D8-341A9791D098}.Debug|Any CPU.ActiveCfg = Debug|Any CPU
		{F322B60B-55E9-4034-A9D8-341A9791D098}.Debug|Any CPU.Build.0 = Debug|Any CPU
		{F322B60B-55E9-4034-A9D8-341A9791D098}.Release|Any CPU.ActiveCfg = Release|Any CPU
		{F322B60B-55E9-4034-A9D8-341A9791D098}.Release|Any CPU.Build.0 = Release|Any CPU
		{CF0A16A1-44C8-4F0E-8F8B-66B34FD18F67}.Debug|Any CPU.ActiveCfg = Debug|Any CPU
		{CF0A16A1-44C8-4F0E-8F8B-66B34FD18F67}.Debug|Any CPU.Build.0 = Debug|Any CPU
		{CF0A16A1-44C8-4F0E-8F8B-66B34FD18F67}.Release|Any CPU.ActiveCfg = Release|Any CPU
		{CF0A16A1-44C8-4F0E-8F8B-66B34FD18F67}.Release|Any CPU.Build.0 = Release|Any CPU
		{469DDC69-8284-428D-863D-47CF66E6279D}.Debug|Any CPU.ActiveCfg = Debug|Any CPU
		{469DDC69-8284-428D-863D-47CF66E6279D}.Debug|Any CPU.Build.0 = Debug|Any CPU
		{469DDC69-8284-428D-863D-47CF66E6279D}.Release|Any CPU.ActiveCfg = Release|Any CPU
		{469DDC69-8284-428D-863D-47CF66E6279D}.Release|Any CPU.Build.0 = Release|Any CPU
		{DD11EEBC-B0EF-4662-9F3C-DEE4F3E96183}.Debug|Any CPU.ActiveCfg = Debug|Any CPU
		{DD11EEBC-B0EF-4662-9F3C-DEE4F3E96183}.Debug|Any CPU.Build.0 = Debug|Any CPU
		{DD11EEBC-B0EF-4662-9F3C-DEE4F3E96183}.Release|Any CPU.ActiveCfg = Release|Any CPU
		{DD11EEBC-B0EF-4662-9F3C-DEE4F3E96183}.Release|Any CPU.Build.0 = Release|Any CPU
		{44F6DE26-D1C7-4A1F-A74F-5CF4AACBA1CE}.Debug|Any CPU.ActiveCfg = Debug|Any CPU
		{44F6DE26-D1C7-4A1F-A74F-5CF4AACBA1CE}.Debug|Any CPU.Build.0 = Debug|Any CPU
		{44F6DE26-D1C7-4A1F-A74F-5CF4AACBA1CE}.Release|Any CPU.ActiveCfg = Release|Any CPU
		{44F6DE26-D1C7-4A1F-A74F-5CF4AACBA1CE}.Release|Any CPU.Build.0 = Release|Any CPU
		{43051237-5DA8-4D9C-88E1-6038A2D48D31}.Debug|Any CPU.ActiveCfg = Debug|Any CPU
		{43051237-5DA8-4D9C-88E1-6038A2D48D31}.Debug|Any CPU.Build.0 = Debug|Any CPU
		{43051237-5DA8-4D9C-88E1-6038A2D48D31}.Release|Any CPU.ActiveCfg = Release|Any CPU
		{43051237-5DA8-4D9C-88E1-6038A2D48D31}.Release|Any CPU.Build.0 = Release|Any CPU
		{277E0C75-A61B-4726-8E36-5DAF9D26CEB7}.Debug|Any CPU.ActiveCfg = Debug|Any CPU
		{277E0C75-A61B-4726-8E36-5DAF9D26CEB7}.Debug|Any CPU.Build.0 = Debug|Any CPU
		{277E0C75-A61B-4726-8E36-5DAF9D26CEB7}.Release|Any CPU.ActiveCfg = Release|Any CPU
		{277E0C75-A61B-4726-8E36-5DAF9D26CEB7}.Release|Any CPU.Build.0 = Release|Any CPU
		{FED70821-27B3-4FAF-9F6F-BA76B6CC36CD}.Debug|Any CPU.ActiveCfg = Debug|Any CPU
		{FED70821-27B3-4FAF-9F6F-BA76B6CC36CD}.Debug|Any CPU.Build.0 = Debug|Any CPU
		{FED70821-27B3-4FAF-9F6F-BA76B6CC36CD}.Release|Any CPU.ActiveCfg = Release|Any CPU
		{FED70821-27B3-4FAF-9F6F-BA76B6CC36CD}.Release|Any CPU.Build.0 = Release|Any CPU
		{39EE365E-762A-40BA-89B8-3F756E29548D}.Debug|Any CPU.ActiveCfg = Debug|Any CPU
		{39EE365E-762A-40BA-89B8-3F756E29548D}.Debug|Any CPU.Build.0 = Debug|Any CPU
		{39EE365E-762A-40BA-89B8-3F756E29548D}.Release|Any CPU.ActiveCfg = Release|Any CPU
		{39EE365E-762A-40BA-89B8-3F756E29548D}.Release|Any CPU.Build.0 = Release|Any CPU
		{8DC6D463-9331-40A7-B8B4-B5964626E8E2}.Debug|Any CPU.ActiveCfg = Debug|Any CPU
		{8DC6D463-9331-40A7-B8B4-B5964626E8E2}.Debug|Any CPU.Build.0 = Debug|Any CPU
		{8DC6D463-9331-40A7-B8B4-B5964626E8E2}.Release|Any CPU.ActiveCfg = Release|Any CPU
		{8DC6D463-9331-40A7-B8B4-B5964626E8E2}.Release|Any CPU.Build.0 = Release|Any CPU
		{E89E26EC-4EF3-4041-8384-9AFCE6454213}.Debug|Any CPU.ActiveCfg = Debug|Any CPU
		{E89E26EC-4EF3-4041-8384-9AFCE6454213}.Debug|Any CPU.Build.0 = Debug|Any CPU
		{E89E26EC-4EF3-4041-8384-9AFCE6454213}.Release|Any CPU.ActiveCfg = Release|Any CPU
		{E89E26EC-4EF3-4041-8384-9AFCE6454213}.Release|Any CPU.Build.0 = Release|Any CPU
		{48A17858-0151-49D3-8E03-8CCBF9C9DCC8}.Debug|Any CPU.ActiveCfg = Debug|Any CPU
		{48A17858-0151-49D3-8E03-8CCBF9C9DCC8}.Debug|Any CPU.Build.0 = Debug|Any CPU
		{48A17858-0151-49D3-8E03-8CCBF9C9DCC8}.Release|Any CPU.ActiveCfg = Release|Any CPU
		{48A17858-0151-49D3-8E03-8CCBF9C9DCC8}.Release|Any CPU.Build.0 = Release|Any CPU
		{735D3111-9442-4AEF-B01F-85BE946E2983}.Debug|Any CPU.ActiveCfg = Debug|Any CPU
		{735D3111-9442-4AEF-B01F-85BE946E2983}.Debug|Any CPU.Build.0 = Debug|Any CPU
		{735D3111-9442-4AEF-B01F-85BE946E2983}.Release|Any CPU.ActiveCfg = Release|Any CPU
		{735D3111-9442-4AEF-B01F-85BE946E2983}.Release|Any CPU.Build.0 = Release|Any CPU
		{418B1A2A-522C-4654-9CC4-E36E3DC12A67}.Debug|Any CPU.ActiveCfg = Debug|Any CPU
		{418B1A2A-522C-4654-9CC4-E36E3DC12A67}.Debug|Any CPU.Build.0 = Debug|Any CPU
		{418B1A2A-522C-4654-9CC4-E36E3DC12A67}.Release|Any CPU.ActiveCfg = Release|Any CPU
		{418B1A2A-522C-4654-9CC4-E36E3DC12A67}.Release|Any CPU.Build.0 = Release|Any CPU
		{F32412B5-D199-44B3-AD48-3B0600876032}.Debug|Any CPU.ActiveCfg = Debug|Any CPU
		{F32412B5-D199-44B3-AD48-3B0600876032}.Debug|Any CPU.Build.0 = Debug|Any CPU
		{F32412B5-D199-44B3-AD48-3B0600876032}.Release|Any CPU.ActiveCfg = Release|Any CPU
		{F32412B5-D199-44B3-AD48-3B0600876032}.Release|Any CPU.Build.0 = Release|Any CPU
	EndGlobalSection
	GlobalSection(SolutionProperties) = preSolution
		HideSolutionNode = FALSE
	EndGlobalSection
EndGlobal
